{
  "name": "@fundamental-ngx/core",
  "version": "VERSION_PLACEHOLDER",
  "lockfileVersion": 1,
  "requires": true,
  "dependencies": {
    "@sap-theming/theming-base-content": {
      "version": "11.1.12",
      "resolved": "https://registry.npmjs.org/@sap-theming/theming-base-content/-/theming-base-content-11.1.12.tgz",
      "integrity": "sha512-3fNT9NqHNTp9HD4V4F6gI3Rx94zOw5HYo8pIeZh2dLRWRoDNf01cuDzzXBg6LNj6CEQdEEyMFFI0NgBGFFoOOQ=="
    },
    "fundamental-styles": {
      "version": "0.2.0",
      "resolved": "https://registry.npmjs.org/fundamental-styles/-/fundamental-styles-0.2.0.tgz",
      "integrity": "sha512-doczof6smRYDpYx2zvbb4/CfPDz+0t9h++zcegRAeE3fYYGnZ4uPnXx7qUMsm7l58aLGF3qbPime2ofvnQzmjw==",
      "requires": {
        "@sap-theming/theming-base-content": "^11.1.10"
      }
    }
  }
}
